#
# This file is autogenerated by pip-compile with Python 3.11
# by the following command:
#
#    pip-compile --output-file=requirements.lock requirements.txt
#
annotated-types==0.7.0
    # via pydantic
anthropic==0.103.1
    # via -r requirements.txt
anyio==4.13.0
    # via
    #   anthropic
    #   httpx
cachetools==6.2.6
    # via pyiceberg
certifi==2026.5.20
    # via
    #   httpcore
    #   httpx
    #   requests
cffi==2.0.0
    # via cryptography
charset-normalizer==3.4.7
    # via requests
click==8.4.0
    # via pyiceberg
cryptography==48.0.0
    # via pyjwt
deprecation==2.1.0
    # via
    #   postgrest
    #   storage3
distro==1.9.0
    # via anthropic
docstring-parser==0.18.0
    # via anthropic
fsspec==2026.4.0
    # via pyiceberg
h11==0.16.0
    # via httpcore
h2==4.3.0
    # via httpx
hpack==4.1.0
    # via h2
httpcore==1.0.9
    # via httpx
httpx[http2]==0.28.1
    # via
    #   anthropic
    #   postgrest
    #   storage3
    #   supabase
    #   supabase-auth
    #   supabase-functions
hyperframe==6.1.0
    # via h2
idna==3.15
    # via
    #   anyio
    #   httpx
    #   requests
    #   yarl
jiter==0.15.0
    # via anthropic
markdown-it-py==4.2.0
    # via rich
mdurl==0.1.2
    # via markdown-it-py
mmh3==5.2.1
    # via pyiceberg
multidict==6.7.1
    # via yarl
packaging==26.2
    # via deprecation
postgrest==2.30.0
    # via supabase
propcache==0.5.2
    # via yarl
pycparser==3.0
    # via cffi
pydantic==2.13.4
    # via
    #   anthropic
    #   postgrest
    #   pyiceberg
    #   realtime
    #   storage3
    #   supabase-auth
pydantic-core==2.46.4
    # via pydantic
pygments==2.20.0
    # via rich
pyiceberg==0.11.1
    # via storage3
pyjwt[crypto]==2.12.1
    # via supabase-auth
pyparsing==3.3.2
    # via pyiceberg
pyroaring==1.1.0
    # via pyiceberg
python-dateutil==2.9.0.post0
    # via strictyaml
pyyaml==6.0.3
    # via -r requirements.txt
realtime==2.30.0
    # via supabase
requests==2.34.2
    # via
    #   -r requirements.txt
    #   pyiceberg
rich==14.3.4
    # via pyiceberg
six==1.17.0
    # via python-dateutil
sniffio==1.3.1
    # via anthropic
storage3==2.30.0
    # via supabase
strenum==0.4.15
    # via supabase-functions
strictyaml==1.7.3
    # via pyiceberg
supabase==2.30.0
    # via -r requirements.txt
supabase-auth==2.30.0
    # via supabase
supabase-functions==2.30.0
    # via supabase
tenacity==9.1.4
    # via pyiceberg
typing-extensions==4.15.0
    # via
    #   anthropic
    #   anyio
    #   pydantic
    #   pydantic-core
    #   realtime
    #   typing-inspection
typing-inspection==0.4.2
    # via pydantic
urllib3==2.7.0
    # via requests
websockets==15.0.1
    # via realtime
yarl==1.24.2
    # via
    #   postgrest
    #   storage3
    #   supabase
    #   supabase-functions
zstandard==0.25.0
    # via pyiceberg
